
Microsoft Visual Studio Solution File, Format Version 12.00
# Visual Studio Version 17
VisualStudioVersion = 17.10.34916.146
MinimumVisualStudioVersion = 10.0.40219.1
Project("{FAE04EC0-301F-11D3-BF4B-00C04F79EFBC}") = "PhotoGPSExtractor", "PhotoGPSExtractor.csproj", "{1BC8A34B-B510-473C-A910-C98C96E18239}"
EndProject
Global
	GlobalSection(SolutionConfigurationPlatforms) = preSolution
		Debug|Any CPU = Debug|Any CPU
		Release|Any CPU = Release|Any CPU
	EndGlobalSection
	GlobalSection(ProjectConfigurationPlatforms) = postSolution
		{1BC8A34B-B510-473C-A910-C98C96E18239}.Debug|Any CPU.ActiveCfg = Debug|Any CPU
		{1BC8A34B-B510-473C-A910-C98C96E18239}.Debug|Any CPU.Build.0 = Debug|Any CPU
		{1BC8A34B-B510-473C-A910-C98C96E18239}.Release|Any CPU.ActiveCfg = Release|Any CPU
		{1BC8A34B-B510-473C-A910-C98C96E18239}.Release|Any CPU.Build.0 = Release|Any CPU
	EndGlobalSection
	GlobalSection(SolutionProperties) = preSolution
		HideSolutionNode = FALSE
	EndGlobalSection
	GlobalSection(ExtensibilityGlobals) = postSolution
		SolutionGuid = {A3582565-B6A7-436A-B16C-F3D893CF17FE}
	EndGlobalSection
EndGlobal
